
Microsoft Visual Studio Solution File, Format Version 12.00
# Visual Studio 15
VisualStudioVersion = 15.0.28307.645
MinimumVisualStudioVersion = 10.0.40219.1
Project("{FAE04EC0-301F-11D3-BF4B-00C04F79EFBC}") = "WpfSeaTest", "WpfSeaTest\WpfSeaTest.csproj", "{2D06E188-2D03-4EB1-9EFF-E3B1636D7364}"
EndProject
Global
	GlobalSection(SolutionConfigurationPlatforms) = preSolution
		Debug|Any CPU = Debug|Any CPU
		Release|Any CPU = Release|Any CPU
	EndGlobalSection
	GlobalSection(ProjectConfigurationPlatforms) = postSolution
		{2D06E188-2D03-4EB1-9EFF-E3B1636D7364}.Debug|Any CPU.ActiveCfg = Debug|Any CPU
		{2D06E188-2D03-4EB1-9EFF-E3B1636D7364}.Debug|Any CPU.Build.0 = Debug|Any CPU
		{2D06E188-2D03-4EB1-9EFF-E3B1636D7364}.Release|Any CPU.ActiveCfg = Release|Any CPU
		{2D06E188-2D03-4EB1-9EFF-E3B1636D7364}.Release|Any CPU.Build.0 = Release|Any CPU
	EndGlobalSection
	GlobalSection(SolutionProperties) = preSolution
		HideSolutionNode = FALSE
	EndGlobalSection
	GlobalSection(ExtensibilityGlobals) = postSolution
		SolutionGuid = {98590FBE-235B-4AF7-93E6-F625139530EA}
	EndGlobalSection
EndGlobal
